
Microsoft Visual Studio Solution File, Format Version 12.00
# Visual Studio Version 17
VisualStudioVersion = 17.7.33711.374
MinimumVisualStudioVersion = 10.0.40219.1
Project("{2150E333-8FDC-42A3-9474-1A3956D46DE8}") = "src", "src", "{68DF4AB5-DCF9-458F-BAF9-290D93B940F9}"
EndProject
Project("{9A19103F-16F7-4668-BE54-9A1E7A4F7556}") = "Gotrays.Desktop.Client", "src\Desktop\Gotrays.Desktop.Client\Gotrays.Desktop.Client.csproj", "{7E395763-F279-4B95-8B38-D3A76A4A48E6}"
EndProject
Project("{9A19103F-16F7-4668-BE54-9A1E7A4F7556}") = "Gotrays.Desktop.Share", "src\Desktop\Gotrays.Desktop.Share\Gotrays.Desktop.Share.csproj", "{4AC888A5-F803-4A2E-BABA-09CECC6AEDDA}"
EndProject
Project("{9A19103F-16F7-4668-BE54-9A1E7A4F7556}") = "Gotrays.Desktop.Service", "src\Desktop\Gotrays.Desktop.Service\Gotrays.Desktop.Service.csproj", "{C6CEF72B-2127-4A09-A51B-B821840E6CC8}"
EndProject
Project("{2150E333-8FDC-42A3-9474-1A3956D46DE8}") = "Service", "Service", "{036793EF-76DA-48F2-AA83-23C1830B9B93}"
EndProject
Project("{2150E333-8FDC-42A3-9474-1A3956D46DE8}") = "Contracts", "Contracts", "{A52AD85A-25D2-4CAC-9B01-54B1687624D9}"
EndProject
Project("{9A19103F-16F7-4668-BE54-9A1E7A4F7556}") = "Gotrays.Contracts", "src\Contracts\Gotrays.Contracts\Gotrays.Contracts.csproj", "{67B719F5-E7A3-4573-9418-B29E24407E5F}"
EndProject
Project("{9A19103F-16F7-4668-BE54-9A1E7A4F7556}") = "Gotrays.Service", "src\Service\Gotrays.Service\Gotrays.Service.csproj", "{740AB6D7-C230-4BA4-A5F3-0965C967BE31}"
EndProject
Project("{2150E333-8FDC-42A3-9474-1A3956D46DE8}") = "Desktop", "Desktop", "{037C22A3-C37B-4A31-82B7-96DDC4FBA61C}"
EndProject
Global
	GlobalSection(SolutionConfigurationPlatforms) = preSolution
		Debug|Any CPU = Debug|Any CPU
		Release|Any CPU = Release|Any CPU
	EndGlobalSection
	GlobalSection(ProjectConfigurationPlatforms) = postSolution
		{7E395763-F279-4B95-8B38-D3A76A4A48E6}.Debug|Any CPU.ActiveCfg = Debug|Any CPU
		{7E395763-F279-4B95-8B38-D3A76A4A48E6}.Debug|Any CPU.Build.0 = Debug|Any CPU
		{7E395763-F279-4B95-8B38-D3A76A4A48E6}.Release|Any CPU.ActiveCfg = Release|Any CPU
		{7E395763-F279-4B95-8B38-D3A76A4A48E6}.Release|Any CPU.Build.0 = Release|Any CPU
		{4AC888A5-F803-4A2E-BABA-09CECC6AEDDA}.Debug|Any CPU.ActiveCfg = Debug|Any CPU
		{4AC888A5-F803-4A2E-BABA-09CECC6AEDDA}.Debug|Any CPU.Build.0 = Debug|Any CPU
		{4AC888A5-F803-4A2E-BABA-09CECC6AEDDA}.Release|Any CPU.ActiveCfg = Release|Any CPU
		{4AC888A5-F803-4A2E-BABA-09CECC6AEDDA}.Release|Any CPU.Build.0 = Release|Any CPU
		{C6CEF72B-2127-4A09-A51B-B821840E6CC8}.Debug|Any CPU.ActiveCfg = Debug|Any CPU
		{C6CEF72B-2127-4A09-A51B-B821840E6CC8}.Debug|Any CPU.Build.0 = Debug|Any CPU
		{C6CEF72B-2127-4A09-A51B-B821840E6CC8}.Release|Any CPU.ActiveCfg = Release|Any CPU
		{C6CEF72B-2127-4A09-A51B-B821840E6CC8}.Release|Any CPU.Build.0 = Release|Any CPU
		{67B719F5-E7A3-4573-9418-B29E24407E5F}.Debug|Any CPU.ActiveCfg = Debug|Any CPU
		{67B719F5-E7A3-4573-9418-B29E24407E5F}.Debug|Any CPU.Build.0 = Debug|Any CPU
		{67B719F5-E7A3-4573-9418-B29E24407E5F}.Release|Any CPU.ActiveCfg = Release|Any CPU
		{67B719F5-E7A3-4573-9418-B29E24407E5F}.Release|Any CPU.Build.0 = Release|Any CPU
		{740AB6D7-C230-4BA4-A5F3-0965C967BE31}.Debug|Any CPU.ActiveCfg = Debug|Any CPU
		{740AB6D7-C230-4BA4-A5F3-0965C967BE31}.Debug|Any CPU.Build.0 = Debug|Any CPU
		{740AB6D7-C230-4BA4-A5F3-0965C967BE31}.Release|Any CPU.ActiveCfg = Release|Any CPU
		{740AB6D7-C230-4BA4-A5F3-0965C967BE31}.Release|Any CPU.Build.0 = Release|Any CPU
	EndGlobalSection
	GlobalSection(SolutionProperties) = preSolution
		HideSolutionNode = FALSE
	EndGlobalSection
	GlobalSection(NestedProjects) = preSolution
		{7E395763-F279-4B95-8B38-D3A76A4A48E6} = {037C22A3-C37B-4A31-82B7-96DDC4FBA61C}
		{4AC888A5-F803-4A2E-BABA-09CECC6AEDDA} = {037C22A3-C37B-4A31-82B7-96DDC4FBA61C}
		{C6CEF72B-2127-4A09-A51B-B821840E6CC8} = {037C22A3-C37B-4A31-82B7-96DDC4FBA61C}
		{036793EF-76DA-48F2-AA83-23C1830B9B93} = {68DF4AB5-DCF9-458F-BAF9-290D93B940F9}
		{A52AD85A-25D2-4CAC-9B01-54B1687624D9} = {68DF4AB5-DCF9-458F-BAF9-290D93B940F9}
		{67B719F5-E7A3-4573-9418-B29E24407E5F} = {A52AD85A-25D2-4CAC-9B01-54B1687624D9}
		{740AB6D7-C230-4BA4-A5F3-0965C967BE31} = {036793EF-76DA-48F2-AA83-23C1830B9B93}
		{037C22A3-C37B-4A31-82B7-96DDC4FBA61C} = {68DF4AB5-DCF9-458F-BAF9-290D93B940F9}
	EndGlobalSection
	GlobalSection(ExtensibilityGlobals) = postSolution
		SolutionGuid = {7482E6BB-B167-4632-9D89-D604E10527DD}
	EndGlobalSection
EndGlobal
